
Microsoft Visual Studio Solution File, Format Version 12.00
# Visual Studio 15
VisualStudioVersion = 15.0.27004.2009
MinimumVisualStudioVersion = 10.0.40219.1
Project("{9A19103F-16F7-4668-BE54-9A1E7A4F7556}") = "Satochat.Shared", "Satochat.Shared\Satochat.Shared.csproj", "{8C02CEB4-0873-4D72-B938-569148186E4A}"
EndProject
Project("{FAE04EC0-301F-11D3-BF4B-00C04F79EFBC}") = "Satochat.Shared.Test", "Satochat.Shared.Test\Satochat.Shared.Test.csproj", "{715B484B-81B3-47F3-933A-D7E60052C8B2}"
EndProject
Global
	GlobalSection(SolutionConfigurationPlatforms) = preSolution
		Debug|Any CPU = Debug|Any CPU
		Release|Any CPU = Release|Any CPU
	EndGlobalSection
	GlobalSection(ProjectConfigurationPlatforms) = postSolution
		{8C02CEB4-0873-4D72-B938-569148186E4A}.Debug|Any CPU.ActiveCfg = Debug|Any CPU
		{8C02CEB4-0873-4D72-B938-569148186E4A}.Debug|Any CPU.Build.0 = Debug|Any CPU
		{8C02CEB4-0873-4D72-B938-569148186E4A}.Release|Any CPU.ActiveCfg = Release|Any CPU
		{8C02CEB4-0873-4D72-B938-569148186E4A}.Release|Any CPU.Build.0 = Release|Any CPU
		{715B484B-81B3-47F3-933A-D7E60052C8B2}.Debug|Any CPU.ActiveCfg = Debug|Any CPU
		{715B484B-81B3-47F3-933A-D7E60052C8B2}.Debug|Any CPU.Build.0 = Debug|Any CPU
		{715B484B-81B3-47F3-933A-D7E60052C8B2}.Release|Any CPU.ActiveCfg = Release|Any CPU
		{715B484B-81B3-47F3-933A-D7E60052C8B2}.Release|Any CPU.Build.0 = Release|Any CPU
	EndGlobalSection
	GlobalSection(SolutionProperties) = preSolution
		HideSolutionNode = FALSE
	EndGlobalSection
	GlobalSection(ExtensibilityGlobals) = postSolution
		SolutionGuid = {0E103694-A4D0-4871-94BE-01319B0F63DF}
	EndGlobalSection
EndGlobal
